# THIS IS AN AUTOGENERATED FILE. DO NOT EDIT THIS FILE DIRECTLY.
# yarn lockfile v1


"@bazel/bazelisk@1.7.3":
  version "1.7.3"
  resolved "https://registry.yarnpkg.com/@bazel/bazelisk/-/bazelisk-1.7.3.tgz#51d99286326e15434ce10c54c1ee598c4ab1f694"
  integrity sha512-A+QLZvKifKnbFawH5aaCnooPx0Ia5JS3S8SckKB034GVB3BjtUTCwjaxzxG3ARQ6Jq1vDcQwWgF2bjT9FjrdDg==

"@bazel/ibazel@^0.13.2":
  version "0.13.2"
  resolved "https://registry.yarnpkg.com/@bazel/ibazel/-/ibazel-0.13.2.tgz#eb914c41c66af4606db786457a7b130634355e8f"
  integrity sha512-q5fGwjTY76MLNcYpF2zEu/y1Clu4DjdjhvJM9+yDKc3+3mBlbX+uiMJYiCz5b0oSYdJTlw1QSRptTYA7CID8EQ==

rxjs@6.6.3:
  version "6.6.3"
  resolved "https://registry.yarnpkg.com/rxjs/-/rxjs-6.6.3.tgz#8ca84635c4daa900c0d3967a6ee7ac60271ee552"
  integrity sha512-trsQc+xYYXZ3urjOiJOuCOa5N3jAZ3eiSpQB5hIT8zGlL2QfnHLJ2r7GMkBGuIausdJN1OneaI6gQlsqNHHmZQ==
  dependencies:
    tslib "^1.9.0"

tslib@^1.9.0:
  version "1.14.1"
  resolved "https://registry.yarnpkg.com/tslib/-/tslib-1.14.1.tgz#cf2d38bdc34a134bcaf1091c41f6619e2f672d00"
  integrity sha512-Xni35NKzjgMrwevysHTCArtLDpPvye8zV/0E4EyYn43P7/7qvQwPh9BGkHewbMulVntbigmcT7rdX3BNo9wRJg==
